
Microsoft Visual Studio Solution File, Format Version 12.00
# Visual Studio Version 17
VisualStudioVersion = 17.1.32210.238
MinimumVisualStudioVersion = 10.0.40219.1
Project("{FAE04EC0-301F-11D3-BF4B-00C04F79EFBC}") = "exercicio 2", "exercicio 2.csproj", "{40B7627C-6854-4CD7-8778-C7CB7613D5D3}"
EndProject
Global
	GlobalSection(SolutionConfigurationPlatforms) = preSolution
		Debug|Any CPU = Debug|Any CPU
		Release|Any CPU = Release|Any CPU
	EndGlobalSection
	GlobalSection(ProjectConfigurationPlatforms) = postSolution
		{40B7627C-6854-4CD7-8778-C7CB7613D5D3}.Debug|Any CPU.ActiveCfg = Debug|Any CPU
		{40B7627C-6854-4CD7-8778-C7CB7613D5D3}.Debug|Any CPU.Build.0 = Debug|Any CPU
		{40B7627C-6854-4CD7-8778-C7CB7613D5D3}.Release|Any CPU.ActiveCfg = Release|Any CPU
		{40B7627C-6854-4CD7-8778-C7CB7613D5D3}.Release|Any CPU.Build.0 = Release|Any CPU
	EndGlobalSection
	GlobalSection(SolutionProperties) = preSolution
		HideSolutionNode = FALSE
	EndGlobalSection
	GlobalSection(ExtensibilityGlobals) = postSolution
		SolutionGuid = {4FBEB9B9-AEAD-43C7-89C2-1708D3921F68}
	EndGlobalSection
EndGlobal
