
Microsoft Visual Studio Solution File, Format Version 12.00
# Visual Studio Version 17
VisualStudioVersion = 17.1.32210.238
MinimumVisualStudioVersion = 10.0.40219.1
Project("{FAE04EC0-301F-11D3-BF4B-00C04F79EFBC}") = "exercicio 4", "exercicio 4.csproj", "{326A3A00-0493-41CF-811A-DB726004BD24}"
EndProject
Global
	GlobalSection(SolutionConfigurationPlatforms) = preSolution
		Debug|Any CPU = Debug|Any CPU
		Release|Any CPU = Release|Any CPU
	EndGlobalSection
	GlobalSection(ProjectConfigurationPlatforms) = postSolution
		{326A3A00-0493-41CF-811A-DB726004BD24}.Debug|Any CPU.ActiveCfg = Debug|Any CPU
		{326A3A00-0493-41CF-811A-DB726004BD24}.Debug|Any CPU.Build.0 = Debug|Any CPU
		{326A3A00-0493-41CF-811A-DB726004BD24}.Release|Any CPU.ActiveCfg = Release|Any CPU
		{326A3A00-0493-41CF-811A-DB726004BD24}.Release|Any CPU.Build.0 = Release|Any CPU
	EndGlobalSection
	GlobalSection(SolutionProperties) = preSolution
		HideSolutionNode = FALSE
	EndGlobalSection
	GlobalSection(ExtensibilityGlobals) = postSolution
		SolutionGuid = {AF898375-46EF-4A6A-A114-EB4F21413316}
	EndGlobalSection
EndGlobal
